
Microsoft Visual Studio Solution File, Format Version 12.00
# Visual Studio Version 16
VisualStudioVersion = 16.0.29709.97
MinimumVisualStudioVersion = 10.0.40219.1
Project("{9A19103F-16F7-4668-BE54-9A1E7A4F7556}") = "JWTAuth", "JWTAuth\JWTAuth.csproj", "{731E61BA-9F58-42A1-8160-64DA29E19FFD}"
EndProject
Global
	GlobalSection(SolutionConfigurationPlatforms) = preSolution
		Debug|Any CPU = Debug|Any CPU
		Release|Any CPU = Release|Any CPU
	EndGlobalSection
	GlobalSection(ProjectConfigurationPlatforms) = postSolution
		{731E61BA-9F58-42A1-8160-64DA29E19FFD}.Debug|Any CPU.ActiveCfg = Debug|Any CPU
		{731E61BA-9F58-42A1-8160-64DA29E19FFD}.Debug|Any CPU.Build.0 = Debug|Any CPU
		{731E61BA-9F58-42A1-8160-64DA29E19FFD}.Release|Any CPU.ActiveCfg = Release|Any CPU
		{731E61BA-9F58-42A1-8160-64DA29E19FFD}.Release|Any CPU.Build.0 = Release|Any CPU
	EndGlobalSection
	GlobalSection(SolutionProperties) = preSolution
		HideSolutionNode = FALSE
	EndGlobalSection
	GlobalSection(ExtensibilityGlobals) = postSolution
		SolutionGuid = {7BBABA83-605C-4BE4-BAA3-F5CC3C8478B8}
	EndGlobalSection
EndGlobal
